// !$*UTF8*$!
{
	archiveVersion = 1;
	classes = {
	};
	objectVersion = 46;
	objects = {

/* Begin PBXBuildFile section */
		6E28DA1C1C6F60D400355796 /* VGTaskDownload.h in Headers */ = {isa = PBXBuildFile; fileRef = 6E28DA111C6F60D400355796 /* VGTaskDownload.h */; settings = {ATTRIBUTES = (Public, ); }; };
		6E28DA1D1C6F60D400355796 /* VGTaskDownload.m in Sources */ = {isa = PBXBuildFile; fileRef = 6E28DA121C6F60D400355796 /* VGTaskDownload.m */; };
		6E28DA1E1C6F60D400355796 /* VGTaskDownloadManager.h in Headers */ = {isa = PBXBuildFile; fileRef = 6E28DA131C6F60D400355796 /* VGTaskDownloadManager.h */; settings = {ATTRIBUTES = (Public, ); }; };
		6E28DA1F1C6F60D400355796 /* VGTaskDownloadManager.m in Sources */ = {isa = PBXBuildFile; fileRef = 6E28DA141C6F60D400355796 /* VGTaskDownloadManager.m */; };
		6E28DA221C6F60D400355796 /* VGTaskUpload.h in Headers */ = {isa = PBXBuildFile; fileRef = 6E28DA181C6F60D400355796 /* VGTaskUpload.h */; };
		6E28DA231C6F60D400355796 /* VGTaskUpload.m in Sources */ = {isa = PBXBuildFile; fileRef = 6E28DA191C6F60D400355796 /* VGTaskUpload.m */; };
		6E28DA241C6F60D400355796 /* VGTaskUploadManager.h in Headers */ = {isa = PBXBuildFile; fileRef = 6E28DA1A1C6F60D400355796 /* VGTaskUploadManager.h */; };
		6E28DA251C6F60D400355796 /* VGTaskUploadManager.m in Sources */ = {isa = PBXBuildFile; fileRef = 6E28DA1B1C6F60D400355796 /* VGTaskUploadManager.m */; };
		9DE89E8DC014C96C932D7949 /* libPods.a in Frameworks */ = {isa = PBXBuildFile; fileRef = 5076574710F866F82C50EE5B /* libPods.a */; };
		F40A95381C71C81400E739C3 /* VGFileList.h in Headers */ = {isa = PBXBuildFile; fileRef = F40A95361C71C81400E739C3 /* VGFileList.h */; settings = {ATTRIBUTES = (Public, ); }; };
		F40A95391C71C81400E739C3 /* VGFileList.m in Sources */ = {isa = PBXBuildFile; fileRef = F40A95371C71C81400E739C3 /* VGFileList.m */; };
		F40A95461C71D5D500E739C3 /* VGDownloadFilePath+CoreDataProperties.h in Headers */ = {isa = PBXBuildFile; fileRef = F40A95421C71D5D500E739C3 /* VGDownloadFilePath+CoreDataProperties.h */; };
		F40A95471C71D5D500E739C3 /* VGDownloadFilePath+CoreDataProperties.m in Sources */ = {isa = PBXBuildFile; fileRef = F40A95431C71D5D500E739C3 /* VGDownloadFilePath+CoreDataProperties.m */; };
		F40A95481C71D5D500E739C3 /* VGDownloadFilePath.h in Headers */ = {isa = PBXBuildFile; fileRef = F40A95441C71D5D500E739C3 /* VGDownloadFilePath.h */; };
		F40A95491C71D5D500E739C3 /* VGDownloadFilePath.m in Sources */ = {isa = PBXBuildFile; fileRef = F40A95451C71D5D500E739C3 /* VGDownloadFilePath.m */; };
		F42A53201C731B050010FC95 /* VGTaskResponse.h in Headers */ = {isa = PBXBuildFile; fileRef = F42A531E1C731B050010FC95 /* VGTaskResponse.h */; settings = {ATTRIBUTES = (Public, ); }; };
		F42A53211C731B050010FC95 /* VGTaskResponse.m in Sources */ = {isa = PBXBuildFile; fileRef = F42A531F1C731B050010FC95 /* VGTaskResponse.m */; };
		F431770F1C5762420011637E /* VGDownloadList.h in Headers */ = {isa = PBXBuildFile; fileRef = F431770D1C5762420011637E /* VGDownloadList.h */; settings = {ATTRIBUTES = (Public, ); }; };
		F43177101C5762420011637E /* VGDownloadList.m in Sources */ = {isa = PBXBuildFile; fileRef = F431770E1C5762420011637E /* VGDownloadList.m */; };
		F43B4AAC1C61F1E200BCE060 /* VGNetworkFrameworkTools.h in Headers */ = {isa = PBXBuildFile; fileRef = F43B4AAA1C61F1E200BCE060 /* VGNetworkFrameworkTools.h */; };
		F43B4AAD1C61F1E200BCE060 /* VGNetworkFrameworkTools.m in Sources */ = {isa = PBXBuildFile; fileRef = F43B4AAB1C61F1E200BCE060 /* VGNetworkFrameworkTools.m */; };
		F43B4AAF1C61F4C700BCE060 /* VGNetworkFrameworkMacro.h in Headers */ = {isa = PBXBuildFile; fileRef = F43B4AAE1C61F4C700BCE060 /* VGNetworkFrameworkMacro.h */; };
		F43B4AC51C620AC000BCE060 /* TaskQueue+CoreDataProperties.h in Headers */ = {isa = PBXBuildFile; fileRef = F43B4ABF1C620ABF00BCE060 /* TaskQueue+CoreDataProperties.h */; settings = {ATTRIBUTES = (Public, ); }; };
		F43B4AC61C620AC000BCE060 /* TaskQueue+CoreDataProperties.m in Sources */ = {isa = PBXBuildFile; fileRef = F43B4AC01C620AC000BCE060 /* TaskQueue+CoreDataProperties.m */; };
		F43B4AC71C620AC000BCE060 /* Task+CoreDataProperties.h in Headers */ = {isa = PBXBuildFile; fileRef = F43B4AC11C620AC000BCE060 /* Task+CoreDataProperties.h */; settings = {ATTRIBUTES = (Public, ); }; };
		F43B4AC81C620AC000BCE060 /* Task+CoreDataProperties.m in Sources */ = {isa = PBXBuildFile; fileRef = F43B4AC21C620AC000BCE060 /* Task+CoreDataProperties.m */; };
		F43E3F711C58761D000C7315 /* SystemConfiguration.framework in Frameworks */ = {isa = PBXBuildFile; fileRef = F43E3F701C58761D000C7315 /* SystemConfiguration.framework */; };
		F43E3F741C589AB4000C7315 /* VGReachability.h in Headers */ = {isa = PBXBuildFile; fileRef = F43E3F721C589AB4000C7315 /* VGReachability.h */; settings = {ATTRIBUTES = (Public, ); }; };
		F43E3F751C589AB4000C7315 /* VGReachability.m in Sources */ = {isa = PBXBuildFile; fileRef = F43E3F731C589AB4000C7315 /* VGReachability.m */; };
		F44065731C4DD42C0041CD5C /* VGTaskExecutingInfo.h in Headers */ = {isa = PBXBuildFile; fileRef = F44065711C4DD42C0041CD5C /* VGTaskExecutingInfo.h */; settings = {ATTRIBUTES = (Public, ); }; };
		F44065741C4DD42C0041CD5C /* VGTaskExecutingInfo.m in Sources */ = {isa = PBXBuildFile; fileRef = F44065721C4DD42C0041CD5C /* VGTaskExecutingInfo.m */; };
		F44065771C4DD7D50041CD5C /* VGUrlSourceValidCheck.h in Headers */ = {isa = PBXBuildFile; fileRef = F44065751C4DD7D50041CD5C /* VGUrlSourceValidCheck.h */; };
		F44065781C4DD7D50041CD5C /* VGUrlSourceValidCheck.m in Sources */ = {isa = PBXBuildFile; fileRef = F44065761C4DD7D50041CD5C /* VGUrlSourceValidCheck.m */; };
		F440657E1C4DD8F00041CD5C /* VGEnumTask.h in Headers */ = {isa = PBXBuildFile; fileRef = F440657D1C4DD8F00041CD5C /* VGEnumTask.h */; settings = {ATTRIBUTES = (Public, ); }; };
		F44065871C4DE0080041CD5C /* VGListManager.h in Headers */ = {isa = PBXBuildFile; fileRef = F44065851C4DE0080041CD5C /* VGListManager.h */; settings = {ATTRIBUTES = (Public, ); }; };
		F44065881C4DE0080041CD5C /* VGListManager.m in Sources */ = {isa = PBXBuildFile; fileRef = F44065861C4DE0080041CD5C /* VGListManager.m */; };
		F440658B1C4DE09D0041CD5C /* VGBaseList.h in Headers */ = {isa = PBXBuildFile; fileRef = F44065891C4DE09D0041CD5C /* VGBaseList.h */; };
		F440658C1C4DE09D0041CD5C /* VGBaseList.m in Sources */ = {isa = PBXBuildFile; fileRef = F440658A1C4DE09D0041CD5C /* VGBaseList.m */; };
		F44065901C4DE5800041CD5C /* VGPathManager.h in Headers */ = {isa = PBXBuildFile; fileRef = F440658E1C4DE5800041CD5C /* VGPathManager.h */; };
		F44065911C4DE5800041CD5C /* VGPathManager.m in Sources */ = {isa = PBXBuildFile; fileRef = F440658F1C4DE5800041CD5C /* VGPathManager.m */; };
		F44065931C4E10650041CD5C /* VGEnumList.h in Headers */ = {isa = PBXBuildFile; fileRef = F44065921C4E10650041CD5C /* VGEnumList.h */; settings = {ATTRIBUTES = (Public, ); }; };
		F4490C671C5F5C9A00EFBC40 /* VGNetWorkModel.xcdatamodeld in Resources */ = {isa = PBXBuildFile; fileRef = F45DDB7A1C56144400B17BC6 /* VGNetWorkModel.xcdatamodeld */; };
		F45DDB721C56109600B17BC6 /* CoreData.framework in Frameworks */ = {isa = PBXBuildFile; fileRef = F45DDB711C56109600B17BC6 /* CoreData.framework */; };
		F45DDB771C56118C00B17BC6 /* VGCGCoreDataHelper.h in Headers */ = {isa = PBXBuildFile; fileRef = F45DDB751C56118C00B17BC6 /* VGCGCoreDataHelper.h */; settings = {ATTRIBUTES = (Public, ); }; };
		F45DDB781C56118C00B17BC6 /* VGCGCoreDataHelper.m in Sources */ = {isa = PBXBuildFile; fileRef = F45DDB761C56118C00B17BC6 /* VGCGCoreDataHelper.m */; };
		F45DDB7C1C56144400B17BC6 /* VGNetWorkModel.xcdatamodeld in Sources */ = {isa = PBXBuildFile; fileRef = F45DDB7A1C56144400B17BC6 /* VGNetWorkModel.xcdatamodeld */; };
		F45DDB901C56190600B17BC6 /* TaskQueue.h in Headers */ = {isa = PBXBuildFile; fileRef = F45DDB841C56190600B17BC6 /* TaskQueue.h */; settings = {ATTRIBUTES = (Public, ); }; };
		F45DDB911C56190600B17BC6 /* TaskQueue.m in Sources */ = {isa = PBXBuildFile; fileRef = F45DDB851C56190600B17BC6 /* TaskQueue.m */; };
		F45DDB941C56190600B17BC6 /* Task.h in Headers */ = {isa = PBXBuildFile; fileRef = F45DDB881C56190600B17BC6 /* Task.h */; settings = {ATTRIBUTES = (Public, ); }; };
		F45DDB951C56190600B17BC6 /* Task.m in Sources */ = {isa = PBXBuildFile; fileRef = F45DDB891C56190600B17BC6 /* Task.m */; };
		F48C45421C48ECDA00EBD2A1 /* VGNetworkFramework.framework in Frameworks */ = {isa = PBXBuildFile; fileRef = F48C45371C48ECDA00EBD2A1 /* VGNetworkFramework.framework */; };
		F48C45471C48ECDA00EBD2A1 /* VGNetworkFrameworkTests.m in Sources */ = {isa = PBXBuildFile; fileRef = F48C45461C48ECDA00EBD2A1 /* VGNetworkFrameworkTests.m */; };
		F48C470F1C48F1C400EBD2A1 /* VGEnumAll.h in Headers */ = {isa = PBXBuildFile; fileRef = F48C470E1C48F1C400EBD2A1 /* VGEnumAll.h */; settings = {ATTRIBUTES = (Public, ); }; };
		F4EC1C901C4CEA370027C7A3 /* Info.plist in Resources */ = {isa = PBXBuildFile; fileRef = F4EC1C8D1C4CEA370027C7A3 /* Info.plist */; };
		F4EC1C911C4CEA370027C7A3 /* VGNetworkFramework.h in Headers */ = {isa = PBXBuildFile; fileRef = F4EC1C8E1C4CEA370027C7A3 /* VGNetworkFramework.h */; };
		F4EC1C921C4CEA370027C7A3 /* VGNetworkFramework.pch in Headers */ = {isa = PBXBuildFile; fileRef = F4EC1C8F1C4CEA370027C7A3 /* VGNetworkFramework.pch */; };
		F4EC1C9B1C4CEABC0027C7A3 /* VGBaseFileInfo.h in Headers */ = {isa = PBXBuildFile; fileRef = F4EC1C991C4CEABC0027C7A3 /* VGBaseFileInfo.h */; settings = {ATTRIBUTES = (Public, ); }; };
		F4EC1C9C1C4CEABC0027C7A3 /* VGBaseFileInfo.m in Sources */ = {isa = PBXBuildFile; fileRef = F4EC1C9A1C4CEABC0027C7A3 /* VGBaseFileInfo.m */; };
		F4EC1CA01C4CEB140027C7A3 /* VGNetworkStatus.h in Headers */ = {isa = PBXBuildFile; fileRef = F4EC1C9E1C4CEB140027C7A3 /* VGNetworkStatus.h */; settings = {ATTRIBUTES = (Public, ); }; };
		F4EC1CA11C4CEB140027C7A3 /* VGNetworkStatus.m in Sources */ = {isa = PBXBuildFile; fileRef = F4EC1C9F1C4CEB140027C7A3 /* VGNetworkStatus.m */; };
		F4EC1CA31C4CEC4F0027C7A3 /* VGEnumFile.h in Headers */ = {isa = PBXBuildFile; fileRef = F4EC1CA21C4CEC4F0027C7A3 /* VGEnumFile.h */; settings = {ATTRIBUTES = (Public, ); }; };
		F4EC1CA61C4CEDE70027C7A3 /* VGImageFileInfo.h in Headers */ = {isa = PBXBuildFile; fileRef = F4EC1CA41C4CEDE70027C7A3 /* VGImageFileInfo.h */; };
		F4EC1CA71C4CEDE70027C7A3 /* VGImageFileInfo.m in Sources */ = {isa = PBXBuildFile; fileRef = F4EC1CA51C4CEDE70027C7A3 /* VGImageFileInfo.m */; };
		F4EC1CAA1C4CEF670027C7A3 /* VGFileOverduleCheck.h in Headers */ = {isa = PBXBuildFile; fileRef = F4EC1CA81C4CEF670027C7A3 /* VGFileOverduleCheck.h */; settings = {ATTRIBUTES = (Public, ); }; };
		F4EC1CAB1C4CEF670027C7A3 /* VGFileOverduleCheck.m in Sources */ = {isa = PBXBuildFile; fileRef = F4EC1CA91C4CEF670027C7A3 /* VGFileOverduleCheck.m */; };
/* End PBXBuildFile section */

/* Begin PBXContainerItemProxy section */
		F48C45431C48ECDA00EBD2A1 /* PBXContainerItemProxy */ = {
			isa = PBXContainerItemProxy;
			containerPortal = F48C452E1C48ECDA00EBD2A1 /* Project object */;
			proxyType = 1;
			remoteGlobalIDString = F48C45361C48ECDA00EBD2A1;
			remoteInfo = VGNetworkFramework;
		};
/* End PBXContainerItemProxy section */

/* Begin PBXFileReference section */
		5076574710F866F82C50EE5B /* libPods.a */ = {isa = PBXFileReference; explicitFileType = archive.ar; includeInIndex = 0; path = libPods.a; sourceTree = BUILT_PRODUCTS_DIR; };
		6A3208C6DEF9E24B1DF948FC /* Pods.release.xcconfig */ = {isa = PBXFileReference; includeInIndex = 1; lastKnownFileType = text.xcconfig; name = Pods.release.xcconfig; path = "Pods/Target Support Files/Pods/Pods.release.xcconfig"; sourceTree = "<group>"; };
		6E28DA111C6F60D400355796 /* VGTaskDownload.h */ = {isa = PBXFileReference; fileEncoding = 4; lastKnownFileType = sourcecode.c.h; path = VGTaskDownload.h; sourceTree = "<group>"; };
		6E28DA121C6F60D400355796 /* VGTaskDownload.m */ = {isa = PBXFileReference; fileEncoding = 4; lastKnownFileType = sourcecode.c.objc; path = VGTaskDownload.m; sourceTree = "<group>"; };
		6E28DA131C6F60D400355796 /* VGTaskDownloadManager.h */ = {isa = PBXFileReference; fileEncoding = 4; lastKnownFileType = sourcecode.c.h; path = VGTaskDownloadManager.h; sourceTree = "<group>"; };
		6E28DA141C6F60D400355796 /* VGTaskDownloadManager.m */ = {isa = PBXFileReference; fileEncoding = 4; lastKnownFileType = sourcecode.c.objc; path = VGTaskDownloadManager.m; sourceTree = "<group>"; };
		6E28DA181C6F60D400355796 /* VGTaskUpload.h */ = {isa = PBXFileReference; fileEncoding = 4; lastKnownFileType = sourcecode.c.h; path = VGTaskUpload.h; sourceTree = "<group>"; };
		6E28DA191C6F60D400355796 /* VGTaskUpload.m */ = {isa = PBXFileReference; fileEncoding = 4; lastKnownFileType = sourcecode.c.objc; path = VGTaskUpload.m; sourceTree = "<group>"; };
		6E28DA1A1C6F60D400355796 /* VGTaskUploadManager.h */ = {isa = PBXFileReference; fileEncoding = 4; lastKnownFileType = sourcecode.c.h; path = VGTaskUploadManager.h; sourceTree = "<group>"; };
		6E28DA1B1C6F60D400355796 /* VGTaskUploadManager.m */ = {isa = PBXFileReference; fileEncoding = 4; lastKnownFileType = sourcecode.c.objc; path = VGTaskUploadManager.m; sourceTree = "<group>"; };
		F40A95361C71C81400E739C3 /* VGFileList.h */ = {isa = PBXFileReference; fileEncoding = 4; lastKnownFileType = sourcecode.c.h; path = VGFileList.h; sourceTree = "<group>"; };
		F40A95371C71C81400E739C3 /* VGFileList.m */ = {isa = PBXFileReference; fileEncoding = 4; lastKnownFileType = sourcecode.c.objc; path = VGFileList.m; sourceTree = "<group>"; };
		F40A95421C71D5D500E739C3 /* VGDownloadFilePath+CoreDataProperties.h */ = {isa = PBXFileReference; fileEncoding = 4; lastKnownFileType = sourcecode.c.h; path = "VGDownloadFilePath+CoreDataProperties.h"; sourceTree = "<group>"; };
		F40A95431C71D5D500E739C3 /* VGDownloadFilePath+CoreDataProperties.m */ = {isa = PBXFileReference; fileEncoding = 4; lastKnownFileType = sourcecode.c.objc; path = "VGDownloadFilePath+CoreDataProperties.m"; sourceTree = "<group>"; };
		F40A95441C71D5D500E739C3 /* VGDownloadFilePath.h */ = {isa = PBXFileReference; fileEncoding = 4; lastKnownFileType = sourcecode.c.h; path = VGDownloadFilePath.h; sourceTree = "<group>"; };
		F40A95451C71D5D500E739C3 /* VGDownloadFilePath.m */ = {isa = PBXFileReference; fileEncoding = 4; lastKnownFileType = sourcecode.c.objc; path = VGDownloadFilePath.m; sourceTree = "<group>"; };
		F42A531E1C731B050010FC95 /* VGTaskResponse.h */ = {isa = PBXFileReference; fileEncoding = 4; lastKnownFileType = sourcecode.c.h; path = VGTaskResponse.h; sourceTree = "<group>"; };
		F42A531F1C731B050010FC95 /* VGTaskResponse.m */ = {isa = PBXFileReference; fileEncoding = 4; lastKnownFileType = sourcecode.c.objc; path = VGTaskResponse.m; sourceTree = "<group>"; };
		F431770D1C5762420011637E /* VGDownloadList.h */ = {isa = PBXFileReference; fileEncoding = 4; lastKnownFileType = sourcecode.c.h; path = VGDownloadList.h; sourceTree = "<group>"; };
		F431770E1C5762420011637E /* VGDownloadList.m */ = {isa = PBXFileReference; fileEncoding = 4; lastKnownFileType = sourcecode.c.objc; path = VGDownloadList.m; sourceTree = "<group>"; };
		F43B4AAA1C61F1E200BCE060 /* VGNetworkFrameworkTools.h */ = {isa = PBXFileReference; fileEncoding = 4; lastKnownFileType = sourcecode.c.h; path = VGNetworkFrameworkTools.h; sourceTree = "<group>"; };
		F43B4AAB1C61F1E200BCE060 /* VGNetworkFrameworkTools.m */ = {isa = PBXFileReference; fileEncoding = 4; lastKnownFileType = sourcecode.c.objc; path = VGNetworkFrameworkTools.m; sourceTree = "<group>"; };
		F43B4AAE1C61F4C700BCE060 /* VGNetworkFrameworkMacro.h */ = {isa = PBXFileReference; fileEncoding = 4; lastKnownFileType = sourcecode.c.h; path = VGNetworkFrameworkMacro.h; sourceTree = "<group>"; };
		F43B4ABF1C620ABF00BCE060 /* TaskQueue+CoreDataProperties.h */ = {isa = PBXFileReference; fileEncoding = 4; lastKnownFileType = sourcecode.c.h; path = "TaskQueue+CoreDataProperties.h"; sourceTree = "<group>"; };
		F43B4AC01C620AC000BCE060 /* TaskQueue+CoreDataProperties.m */ = {isa = PBXFileReference; fileEncoding = 4; lastKnownFileType = sourcecode.c.objc; path = "TaskQueue+CoreDataProperties.m"; sourceTree = "<group>"; };
		F43B4AC11C620AC000BCE060 /* Task+CoreDataProperties.h */ = {isa = PBXFileReference; fileEncoding = 4; lastKnownFileType = sourcecode.c.h; path = "Task+CoreDataProperties.h"; sourceTree = "<group>"; };
		F43B4AC21C620AC000BCE060 /* Task+CoreDataProperties.m */ = {isa = PBXFileReference; fileEncoding = 4; lastKnownFileType = sourcecode.c.objc; path = "Task+CoreDataProperties.m"; sourceTree = "<group>"; };
		F43E3F701C58761D000C7315 /* SystemConfiguration.framework */ = {isa = PBXFileReference; lastKnownFileType = wrapper.framework; name = SystemConfiguration.framework; path = System/Library/Frameworks/SystemConfiguration.framework; sourceTree = SDKROOT; };
		F43E3F721C589AB4000C7315 /* VGReachability.h */ = {isa = PBXFileReference; fileEncoding = 4; lastKnownFileType = sourcecode.c.h; path = VGReachability.h; sourceTree = "<group>"; };
		F43E3F731C589AB4000C7315 /* VGReachability.m */ = {isa = PBXFileReference; fileEncoding = 4; lastKnownFileType = sourcecode.c.objc; path = VGReachability.m; sourceTree = "<group>"; };
		F44065711C4DD42C0041CD5C /* VGTaskExecutingInfo.h */ = {isa = PBXFileReference; fileEncoding = 4; lastKnownFileType = sourcecode.c.h; path = VGTaskExecutingInfo.h; sourceTree = "<group>"; };
		F44065721C4DD42C0041CD5C /* VGTaskExecutingInfo.m */ = {isa = PBXFileReference; fileEncoding = 4; lastKnownFileType = sourcecode.c.objc; path = VGTaskExecutingInfo.m; sourceTree = "<group>"; };
		F44065751C4DD7D50041CD5C /* VGUrlSourceValidCheck.h */ = {isa = PBXFileReference; fileEncoding = 4; lastKnownFileType = sourcecode.c.h; path = VGUrlSourceValidCheck.h; sourceTree = "<group>"; };
		F44065761C4DD7D50041CD5C /* VGUrlSourceValidCheck.m */ = {isa = PBXFileReference; fileEncoding = 4; lastKnownFileType = sourcecode.c.objc; path = VGUrlSourceValidCheck.m; sourceTree = "<group>"; };
		F440657D1C4DD8F00041CD5C /* VGEnumTask.h */ = {isa = PBXFileReference; fileEncoding = 4; lastKnownFileType = sourcecode.c.h; path = VGEnumTask.h; sourceTree = "<group>"; };
		F44065851C4DE0080041CD5C /* VGListManager.h */ = {isa = PBXFileReference; fileEncoding = 4; lastKnownFileType = sourcecode.c.h; path = VGListManager.h; sourceTree = "<group>"; };
		F44065861C4DE0080041CD5C /* VGListManager.m */ = {isa = PBXFileReference; fileEncoding = 4; lastKnownFileType = sourcecode.c.objc; path = VGListManager.m; sourceTree = "<group>"; };
		F44065891C4DE09D0041CD5C /* VGBaseList.h */ = {isa = PBXFileReference; fileEncoding = 4; lastKnownFileType = sourcecode.c.h; path = VGBaseList.h; sourceTree = "<group>"; };
		F440658A1C4DE09D0041CD5C /* VGBaseList.m */ = {isa = PBXFileReference; fileEncoding = 4; lastKnownFileType = sourcecode.c.objc; path = VGBaseList.m; sourceTree = "<group>"; };
		F440658E1C4DE5800041CD5C /* VGPathManager.h */ = {isa = PBXFileReference; fileEncoding = 4; lastKnownFileType = sourcecode.c.h; path = VGPathManager.h; sourceTree = "<group>"; };
		F440658F1C4DE5800041CD5C /* VGPathManager.m */ = {isa = PBXFileReference; fileEncoding = 4; lastKnownFileType = sourcecode.c.objc; path = VGPathManager.m; sourceTree = "<group>"; };
		F44065921C4E10650041CD5C /* VGEnumList.h */ = {isa = PBXFileReference; fileEncoding = 4; lastKnownFileType = sourcecode.c.h; path = VGEnumList.h; sourceTree = "<group>"; };
		F4490C6E1C5F5EDB00EFBC40 /* Info.plist */ = {isa = PBXFileReference; lastKnownFileType = text.plist.xml; path = Info.plist; sourceTree = "<group>"; };
		F45DDB711C56109600B17BC6 /* CoreData.framework */ = {isa = PBXFileReference; lastKnownFileType = wrapper.framework; name = CoreData.framework; path = System/Library/Frameworks/CoreData.framework; sourceTree = SDKROOT; };
		F45DDB751C56118C00B17BC6 /* VGCGCoreDataHelper.h */ = {isa = PBXFileReference; fileEncoding = 4; lastKnownFileType = sourcecode.c.h; path = VGCGCoreDataHelper.h; sourceTree = "<group>"; };
		F45DDB761C56118C00B17BC6 /* VGCGCoreDataHelper.m */ = {isa = PBXFileReference; fileEncoding = 4; lastKnownFileType = sourcecode.c.objc; path = VGCGCoreDataHelper.m; sourceTree = "<group>"; };
		F45DDB7B1C56144400B17BC6 /* VGNetWorkModel.xcdatamodel */ = {isa = PBXFileReference; lastKnownFileType = wrapper.xcdatamodel; path = VGNetWorkModel.xcdatamodel; sourceTree = "<group>"; };
		F45DDB841C56190600B17BC6 /* TaskQueue.h */ = {isa = PBXFileReference; fileEncoding = 4; lastKnownFileType = sourcecode.c.h; path = TaskQueue.h; sourceTree = "<group>"; };
		F45DDB851C56190600B17BC6 /* TaskQueue.m */ = {isa = PBXFileReference; fileEncoding = 4; lastKnownFileType = sourcecode.c.objc; path = TaskQueue.m; sourceTree = "<group>"; };
		F45DDB881C56190600B17BC6 /* Task.h */ = {isa = PBXFileReference; fileEncoding = 4; lastKnownFileType = sourcecode.c.h; path = Task.h; sourceTree = "<group>"; };
		F45DDB891C56190600B17BC6 /* Task.m */ = {isa = PBXFileReference; fileEncoding = 4; lastKnownFileType = sourcecode.c.objc; path = Task.m; sourceTree = "<group>"; };
		F48C45371C48ECDA00EBD2A1 /* VGNetworkFramework.framework */ = {isa = PBXFileReference; explicitFileType = wrapper.framework; includeInIndex = 0; path = VGNetworkFramework.framework; sourceTree = BUILT_PRODUCTS_DIR; };
		F48C45411C48ECDA00EBD2A1 /* VGNetworkFrameworkTests.xctest */ = {isa = PBXFileReference; explicitFileType = wrapper.cfbundle; includeInIndex = 0; path = VGNetworkFrameworkTests.xctest; sourceTree = BUILT_PRODUCTS_DIR; };
		F48C45461C48ECDA00EBD2A1 /* VGNetworkFrameworkTests.m */ = {isa = PBXFileReference; lastKnownFileType = sourcecode.c.objc; path = VGNetworkFrameworkTests.m; sourceTree = "<group>"; };
		F48C45481C48ECDA00EBD2A1 /* Info.plist */ = {isa = PBXFileReference; lastKnownFileType = text.plist.xml; path = Info.plist; sourceTree = "<group>"; };
		F48C470E1C48F1C400EBD2A1 /* VGEnumAll.h */ = {isa = PBXFileReference; fileEncoding = 4; lastKnownFileType = sourcecode.c.h; path = VGEnumAll.h; sourceTree = "<group>"; };
		F4EC1C8D1C4CEA370027C7A3 /* Info.plist */ = {isa = PBXFileReference; fileEncoding = 4; lastKnownFileType = text.plist.xml; name = Info.plist; path = ../../System/Info.plist; sourceTree = "<group>"; };
		F4EC1C8E1C4CEA370027C7A3 /* VGNetworkFramework.h */ = {isa = PBXFileReference; fileEncoding = 4; lastKnownFileType = sourcecode.c.h; path = VGNetworkFramework.h; sourceTree = "<group>"; };
		F4EC1C8F1C4CEA370027C7A3 /* VGNetworkFramework.pch */ = {isa = PBXFileReference; fileEncoding = 4; lastKnownFileType = sourcecode.c.h; path = VGNetworkFramework.pch; sourceTree = "<group>"; };
		F4EC1C991C4CEABC0027C7A3 /* VGBaseFileInfo.h */ = {isa = PBXFileReference; fileEncoding = 4; lastKnownFileType = sourcecode.c.h; path = VGBaseFileInfo.h; sourceTree = "<group>"; };
		F4EC1C9A1C4CEABC0027C7A3 /* VGBaseFileInfo.m */ = {isa = PBXFileReference; fileEncoding = 4; lastKnownFileType = sourcecode.c.objc; path = VGBaseFileInfo.m; sourceTree = "<group>"; };
		F4EC1C9E1C4CEB140027C7A3 /* VGNetworkStatus.h */ = {isa = PBXFileReference; fileEncoding = 4; lastKnownFileType = sourcecode.c.h; path = VGNetworkStatus.h; sourceTree = "<group>"; };
		F4EC1C9F1C4CEB140027C7A3 /* VGNetworkStatus.m */ = {isa = PBXFileReference; fileEncoding = 4; lastKnownFileType = sourcecode.c.objc; path = VGNetworkStatus.m; sourceTree = "<group>"; };
		F4EC1CA21C4CEC4F0027C7A3 /* VGEnumFile.h */ = {isa = PBXFileReference; fileEncoding = 4; lastKnownFileType = sourcecode.c.h; path = VGEnumFile.h; sourceTree = "<group>"; };
		F4EC1CA41C4CEDE70027C7A3 /* VGImageFileInfo.h */ = {isa = PBXFileReference; fileEncoding = 4; lastKnownFileType = sourcecode.c.h; path = VGImageFileInfo.h; sourceTree = "<group>"; };
		F4EC1CA51C4CEDE70027C7A3 /* VGImageFileInfo.m */ = {isa = PBXFileReference; fileEncoding = 4; lastKnownFileType = sourcecode.c.objc; path = VGImageFileInfo.m; sourceTree = "<group>"; };
		F4EC1CA81C4CEF670027C7A3 /* VGFileOverduleCheck.h */ = {isa = PBXFileReference; fileEncoding = 4; lastKnownFileType = sourcecode.c.h; path = VGFileOverduleCheck.h; sourceTree = "<group>"; };
		F4EC1CA91C4CEF670027C7A3 /* VGFileOverduleCheck.m */ = {isa = PBXFileReference; fileEncoding = 4; lastKnownFileType = sourcecode.c.objc; path = VGFileOverduleCheck.m; sourceTree = "<group>"; };
		FD6CB39DF6C570CF9D42AA5D /* Pods.debug.xcconfig */ = {isa = PBXFileReference; includeInIndex = 1; lastKnownFileType = text.xcconfig; name = Pods.debug.xcconfig; path = "Pods/Target Support Files/Pods/Pods.debug.xcconfig"; sourceTree = "<group>"; };
/* End PBXFileReference section */

/* Begin PBXFrameworksBuildPhase section */
		F48C45331C48ECDA00EBD2A1 /* Frameworks */ = {
			isa = PBXFrameworksBuildPhase;
			buildActionMask = 2147483647;
			files = (
				F43E3F711C58761D000C7315 /* SystemConfiguration.framework in Frameworks */,
				F45DDB721C56109600B17BC6 /* CoreData.framework in Frameworks */,
				9DE89E8DC014C96C932D7949 /* libPods.a in Frameworks */,
			);
			runOnlyForDeploymentPostprocessing = 0;
		};
		F48C453E1C48ECDA00EBD2A1 /* Frameworks */ = {
			isa = PBXFrameworksBuildPhase;
			buildActionMask = 2147483647;
			files = (
				F48C45421C48ECDA00EBD2A1 /* VGNetworkFramework.framework in Frameworks */,
			);
			runOnlyForDeploymentPostprocessing = 0;
		};
/* End PBXFrameworksBuildPhase section */

/* Begin PBXGroup section */
		0EE9E884435BC37EC040AEA3 /* Pods */ = {
			isa = PBXGroup;
			children = (
				FD6CB39DF6C570CF9D42AA5D /* Pods.debug.xcconfig */,
				6A3208C6DEF9E24B1DF948FC /* Pods.release.xcconfig */,
			);
			name = Pods;
			sourceTree = "<group>";
		};
		6E28DA101C6F60D400355796 /* TaskDownload */ = {
			isa = PBXGroup;
			children = (
				6E28DA111C6F60D400355796 /* VGTaskDownload.h */,
				6E28DA121C6F60D400355796 /* VGTaskDownload.m */,
				6E28DA131C6F60D400355796 /* VGTaskDownloadManager.h */,
				6E28DA141C6F60D400355796 /* VGTaskDownloadManager.m */,
				F42A531E1C731B050010FC95 /* VGTaskResponse.h */,
				F42A531F1C731B050010FC95 /* VGTaskResponse.m */,
			);
			path = TaskDownload;
			sourceTree = "<group>";
		};
		6E28DA151C6F60D400355796 /* TaskUpload */ = {
			isa = PBXGroup;
			children = (
				6E28DA181C6F60D400355796 /* VGTaskUpload.h */,
				6E28DA191C6F60D400355796 /* VGTaskUpload.m */,
				6E28DA1A1C6F60D400355796 /* VGTaskUploadManager.h */,
				6E28DA1B1C6F60D400355796 /* VGTaskUploadManager.m */,
			);
			path = TaskUpload;
			sourceTree = "<group>";
		};
		85A243D5B9F6DFEFAA2375BA /* Frameworks */ = {
			isa = PBXGroup;
			children = (
				5076574710F866F82C50EE5B /* libPods.a */,
			);
			name = Frameworks;
			sourceTree = "<group>";
		};
		F43B4AA91C61F19200BCE060 /* Tools */ = {
			isa = PBXGroup;
			children = (
				F43B4AAA1C61F1E200BCE060 /* VGNetworkFrameworkTools.h */,
				F43B4AAB1C61F1E200BCE060 /* VGNetworkFrameworkTools.m */,
				F43B4AAE1C61F4C700BCE060 /* VGNetworkFrameworkMacro.h */,
			);
			path = Tools;
			sourceTree = "<group>";
		};
		F43B4AB01C6208A400BCE060 /* Properties */ = {
			isa = PBXGroup;
			children = (
				F40A95421C71D5D500E739C3 /* VGDownloadFilePath+CoreDataProperties.h */,
				F40A95431C71D5D500E739C3 /* VGDownloadFilePath+CoreDataProperties.m */,
				F43B4ABF1C620ABF00BCE060 /* TaskQueue+CoreDataProperties.h */,
				F43B4AC01C620AC000BCE060 /* TaskQueue+CoreDataProperties.m */,
				F43B4AC11C620AC000BCE060 /* Task+CoreDataProperties.h */,
				F43B4AC21C620AC000BCE060 /* Task+CoreDataProperties.m */,
			);
			name = Properties;
			sourceTree = "<group>";
		};
		F440656C1C4DC6160041CD5C /* Task */ = {
			isa = PBXGroup;
			children = (
				6E28DA101C6F60D400355796 /* TaskDownload */,
				6E28DA151C6F60D400355796 /* TaskUpload */,
				F44065711C4DD42C0041CD5C /* VGTaskExecutingInfo.h */,
				F44065721C4DD42C0041CD5C /* VGTaskExecutingInfo.m */,
			);
			path = Task;
			sourceTree = "<group>";
		};
		F44065841C4DDFC90041CD5C /* List */ = {
			isa = PBXGroup;
			children = (
				F44065851C4DE0080041CD5C /* VGListManager.h */,
				F44065861C4DE0080041CD5C /* VGListManager.m */,
				F44065891C4DE09D0041CD5C /* VGBaseList.h */,
				F4EC1C8D1C4CEA370027C7A3 /* Info.plist */,
				F440658A1C4DE09D0041CD5C /* VGBaseList.m */,
				F431770D1C5762420011637E /* VGDownloadList.h */,
				F431770E1C5762420011637E /* VGDownloadList.m */,
				F40A95361C71C81400E739C3 /* VGFileList.h */,
				F40A95371C71C81400E739C3 /* VGFileList.m */,
			);
			path = List;
			sourceTree = "<group>";
		};
		F440658D1C4DE5390041CD5C /* Foundation */ = {
			isa = PBXGroup;
			children = (
				F440658E1C4DE5800041CD5C /* VGPathManager.h */,
				F440658F1C4DE5800041CD5C /* VGPathManager.m */,
			);
			path = Foundation;
			sourceTree = "<group>";
		};
		F4490C6D1C5F5EDB00EFBC40 /* CoredataBundle */ = {
			isa = PBXGroup;
			children = (
				F4490C6E1C5F5EDB00EFBC40 /* Info.plist */,
			);
			path = CoredataBundle;
			sourceTree = "<group>";
		};
		F45DDB741C56116C00B17BC6 /* CoreData */ = {
			isa = PBXGroup;
			children = (
				F45DDB7D1C5618DD00B17BC6 /* NSManagedObject */,
				F45DDB751C56118C00B17BC6 /* VGCGCoreDataHelper.h */,
				F45DDB761C56118C00B17BC6 /* VGCGCoreDataHelper.m */,
				F45DDB7A1C56144400B17BC6 /* VGNetWorkModel.xcdatamodeld */,
			);
			path = CoreData;
			sourceTree = "<group>";
		};
		F45DDB791C56119600B17BC6 /* Framework */ = {
			isa = PBXGroup;
			children = (
				F43E3F701C58761D000C7315 /* SystemConfiguration.framework */,
				F45DDB711C56109600B17BC6 /* CoreData.framework */,
			);
			name = Framework;
			sourceTree = "<group>";
		};
		F45DDB7D1C5618DD00B17BC6 /* NSManagedObject */ = {
			isa = PBXGroup;
			children = (
				F43B4AB01C6208A400BCE060 /* Properties */,
				F45DDB841C56190600B17BC6 /* TaskQueue.h */,
				F45DDB851C56190600B17BC6 /* TaskQueue.m */,
				F40A95441C71D5D500E739C3 /* VGDownloadFilePath.h */,
				F40A95451C71D5D500E739C3 /* VGDownloadFilePath.m */,
				F45DDB881C56190600B17BC6 /* Task.h */,
				F45DDB891C56190600B17BC6 /* Task.m */,
			);
			path = NSManagedObject;
			sourceTree = "<group>";
		};
		F48C452D1C48ECDA00EBD2A1 = {
			isa = PBXGroup;
			children = (
				F45DDB791C56119600B17BC6 /* Framework */,
				F48C45391C48ECDA00EBD2A1 /* VGNetworkFramework */,
				F48C45451C48ECDA00EBD2A1 /* VGNetworkFrameworkTests */,
				F4490C6D1C5F5EDB00EFBC40 /* CoredataBundle */,
				F48C45381C48ECDA00EBD2A1 /* Products */,
				0EE9E884435BC37EC040AEA3 /* Pods */,
				85A243D5B9F6DFEFAA2375BA /* Frameworks */,
			);
			sourceTree = "<group>";
		};
		F48C45381C48ECDA00EBD2A1 /* Products */ = {
			isa = PBXGroup;
			children = (
				F48C45371C48ECDA00EBD2A1 /* VGNetworkFramework.framework */,
				F48C45411C48ECDA00EBD2A1 /* VGNetworkFrameworkTests.xctest */,
			);
			name = Products;
			sourceTree = "<group>";
		};
		F48C45391C48ECDA00EBD2A1 /* VGNetworkFramework */ = {
			isa = PBXGroup;
			children = (
				F43B4AA91C61F19200BCE060 /* Tools */,
				F45DDB741C56116C00B17BC6 /* CoreData */,
				F4EC1C8C1C4CEA370027C7A3 /* System */,
				F4EC1C861C4CE9870027C7A3 /* Modules */,
				F48C47061C48EFF100EBD2A1 /* Enum */,
			);
			path = VGNetworkFramework;
			sourceTree = "<group>";
		};
		F48C45451C48ECDA00EBD2A1 /* VGNetworkFrameworkTests */ = {
			isa = PBXGroup;
			children = (
				F48C45461C48ECDA00EBD2A1 /* VGNetworkFrameworkTests.m */,
				F48C45481C48ECDA00EBD2A1 /* Info.plist */,
			);
			path = VGNetworkFrameworkTests;
			sourceTree = "<group>";
		};
		F48C47061C48EFF100EBD2A1 /* Enum */ = {
			isa = PBXGroup;
			children = (
				F48C470E1C48F1C400EBD2A1 /* VGEnumAll.h */,
				F4EC1CA21C4CEC4F0027C7A3 /* VGEnumFile.h */,
				F440657D1C4DD8F00041CD5C /* VGEnumTask.h */,
				F44065921C4E10650041CD5C /* VGEnumList.h */,
			);
			path = Enum;
			sourceTree = "<group>";
		};
		F4EC1C861C4CE9870027C7A3 /* Modules */ = {
			isa = PBXGroup;
			children = (
				F440658D1C4DE5390041CD5C /* Foundation */,
				F44065841C4DDFC90041CD5C /* List */,
				F440656C1C4DC6160041CD5C /* Task */,
				F4EC1C9D1C4CEB140027C7A3 /* NetworkManager */,
				F4EC1C931C4CEA430027C7A3 /* FileManager */,
			);
			path = Modules;
			sourceTree = "<group>";
		};
		F4EC1C8C1C4CEA370027C7A3 /* System */ = {
			isa = PBXGroup;
			children = (
				F4EC1C8E1C4CEA370027C7A3 /* VGNetworkFramework.h */,
				F4EC1C8F1C4CEA370027C7A3 /* VGNetworkFramework.pch */,
			);
			path = System;
			sourceTree = "<group>";
		};
		F4EC1C931C4CEA430027C7A3 /* FileManager */ = {
			isa = PBXGroup;
			children = (
				F4EC1C991C4CEABC0027C7A3 /* VGBaseFileInfo.h */,
				F4EC1C9A1C4CEABC0027C7A3 /* VGBaseFileInfo.m */,
				F4EC1CA41C4CEDE70027C7A3 /* VGImageFileInfo.h */,
				F4EC1CA51C4CEDE70027C7A3 /* VGImageFileInfo.m */,
				F4EC1CA81C4CEF670027C7A3 /* VGFileOverduleCheck.h */,
				F4EC1CA91C4CEF670027C7A3 /* VGFileOverduleCheck.m */,
			);
			path = FileManager;
			sourceTree = "<group>";
		};
		F4EC1C9D1C4CEB140027C7A3 /* NetworkManager */ = {
			isa = PBXGroup;
			children = (
				F43E3F721C589AB4000C7315 /* VGReachability.h */,
				F43E3F731C589AB4000C7315 /* VGReachability.m */,
				F4EC1C9E1C4CEB140027C7A3 /* VGNetworkStatus.h */,
				F4EC1C9F1C4CEB140027C7A3 /* VGNetworkStatus.m */,
				F44065751C4DD7D50041CD5C /* VGUrlSourceValidCheck.h */,
				F44065761C4DD7D50041CD5C /* VGUrlSourceValidCheck.m */,
			);
			path = NetworkManager;
			sourceTree = "<group>";
		};
/* End PBXGroup section */

/* Begin PBXHeadersBuildPhase section */
		F48C45341C48ECDA00EBD2A1 /* Headers */ = {
			isa = PBXHeadersBuildPhase;
			buildActionMask = 2147483647;
			files = (
				F42A53201C731B050010FC95 /* VGTaskResponse.h in Headers */,
				F40A95381C71C81400E739C3 /* VGFileList.h in Headers */,
				6E28DA1C1C6F60D400355796 /* VGTaskDownload.h in Headers */,
				6E28DA1E1C6F60D400355796 /* VGTaskDownloadManager.h in Headers */,
				F43B4AC51C620AC000BCE060 /* TaskQueue+CoreDataProperties.h in Headers */,
				F43B4AC71C620AC000BCE060 /* Task+CoreDataProperties.h in Headers */,
				F45DDB941C56190600B17BC6 /* Task.h in Headers */,
				F45DDB901C56190600B17BC6 /* TaskQueue.h in Headers */,
				F431770F1C5762420011637E /* VGDownloadList.h in Headers */,
				F44065871C4DE0080041CD5C /* VGListManager.h in Headers */,
				F45DDB771C56118C00B17BC6 /* VGCGCoreDataHelper.h in Headers */,
				F44065731C4DD42C0041CD5C /* VGTaskExecutingInfo.h in Headers */,
				F440657E1C4DD8F00041CD5C /* VGEnumTask.h in Headers */,
				F43E3F741C589AB4000C7315 /* VGReachability.h in Headers */,
				F4EC1CA01C4CEB140027C7A3 /* VGNetworkStatus.h in Headers */,
				6E28DA241C6F60D400355796 /* VGTaskUploadManager.h in Headers */,
				F44065931C4E10650041CD5C /* VGEnumList.h in Headers */,
				F43B4AAF1C61F4C700BCE060 /* VGNetworkFrameworkMacro.h in Headers */,
				F4EC1CA31C4CEC4F0027C7A3 /* VGEnumFile.h in Headers */,
				F40A95461C71D5D500E739C3 /* VGDownloadFilePath+CoreDataProperties.h in Headers */,
				F4EC1C9B1C4CEABC0027C7A3 /* VGBaseFileInfo.h in Headers */,
				F4EC1CAA1C4CEF670027C7A3 /* VGFileOverduleCheck.h in Headers */,
				F44065771C4DD7D50041CD5C /* VGUrlSourceValidCheck.h in Headers */,
				F48C470F1C48F1C400EBD2A1 /* VGEnumAll.h in Headers */,
				F4EC1CA61C4CEDE70027C7A3 /* VGImageFileInfo.h in Headers */,
				F44065901C4DE5800041CD5C /* VGPathManager.h in Headers */,
				F4EC1C911C4CEA370027C7A3 /* VGNetworkFramework.h in Headers */,
				F440658B1C4DE09D0041CD5C /* VGBaseList.h in Headers */,
				F40A95481C71D5D500E739C3 /* VGDownloadFilePath.h in Headers */,
				F43B4AAC1C61F1E200BCE060 /* VGNetworkFrameworkTools.h in Headers */,
				F4EC1C921C4CEA370027C7A3 /* VGNetworkFramework.pch in Headers */,
				6E28DA221C6F60D400355796 /* VGTaskUpload.h in Headers */,
			);
			runOnlyForDeploymentPostprocessing = 0;
		};
/* End PBXHeadersBuildPhase section */

/* Begin PBXNativeTarget section */
		F48C45361C48ECDA00EBD2A1 /* VGNetworkFramework */ = {
			isa = PBXNativeTarget;
			buildConfigurationList = F48C454B1C48ECDA00EBD2A1 /* Build configuration list for PBXNativeTarget "VGNetworkFramework" */;
			buildPhases = (
				543F33DD6FCF2B94B75967E3 /* Check Pods Manifest.lock */,
				F48C45321C48ECDA00EBD2A1 /* Sources */,
				F48C45331C48ECDA00EBD2A1 /* Frameworks */,
				F48C45341C48ECDA00EBD2A1 /* Headers */,
				F48C45351C48ECDA00EBD2A1 /* Resources */,
				C4A61A16D8FD51B09E21714B /* Copy Pods Resources */,
			);
			buildRules = (
			);
			dependencies = (
			);
			name = VGNetworkFramework;
			productName = VGNetworkFramework;
			productReference = F48C45371C48ECDA00EBD2A1 /* VGNetworkFramework.framework */;
			productType = "com.apple.product-type.framework";
		};
		F48C45401C48ECDA00EBD2A1 /* VGNetworkFrameworkTests */ = {
			isa = PBXNativeTarget;
			buildConfigurationList = F48C454E1C48ECDA00EBD2A1 /* Build configuration list for PBXNativeTarget "VGNetworkFrameworkTests" */;
			buildPhases = (
				F48C453D1C48ECDA00EBD2A1 /* Sources */,
				F48C453E1C48ECDA00EBD2A1 /* Frameworks */,
				F48C453F1C48ECDA00EBD2A1 /* Resources */,
			);
			buildRules = (
			);
			dependencies = (
				F48C45441C48ECDA00EBD2A1 /* PBXTargetDependency */,
			);
			name = VGNetworkFrameworkTests;
			productName = VGNetworkFrameworkTests;
			productReference = F48C45411C48ECDA00EBD2A1 /* VGNetworkFrameworkTests.xctest */;
			productType = "com.apple.product-type.bundle.unit-test";
		};
/* End PBXNativeTarget section */

/* Begin PBXProject section */
		F48C452E1C48ECDA00EBD2A1 /* Project object */ = {
			isa = PBXProject;
			attributes = {
				LastUpgradeCheck = 0720;
				ORGANIZATIONNAME = Simon;
				TargetAttributes = {
					F48C45361C48ECDA00EBD2A1 = {
						CreatedOnToolsVersion = 7.2;
					};
					F48C45401C48ECDA00EBD2A1 = {
						CreatedOnToolsVersion = 7.2;
					};
				};
			};
			buildConfigurationList = F48C45311C48ECDA00EBD2A1 /* Build configuration list for PBXProject "VGNetWorkFramework" */;
			compatibilityVersion = "Xcode 3.2";
			developmentRegion = English;
			hasScannedForEncodings = 0;
			knownRegions = (
				en,
			);
			mainGroup = F48C452D1C48ECDA00EBD2A1;
			productRefGroup = F48C45381C48ECDA00EBD2A1 /* Products */;
			projectDirPath = "";
			projectRoot = "";
			targets = (
				F48C45361C48ECDA00EBD2A1 /* VGNetworkFramework */,
				F48C45401C48ECDA00EBD2A1 /* VGNetworkFrameworkTests */,
			);
		};
/* End PBXProject section */

/* Begin PBXResourcesBuildPhase section */
		F48C45351C48ECDA00EBD2A1 /* Resources */ = {
			isa = PBXResourcesBuildPhase;
			buildActionMask = 2147483647;
			files = (
				F4EC1C901C4CEA370027C7A3 /* Info.plist in Resources */,
				F4490C671C5F5C9A00EFBC40 /* VGNetWorkModel.xcdatamodeld in Resources */,
			);
			runOnlyForDeploymentPostprocessing = 0;
		};
		F48C453F1C48ECDA00EBD2A1 /* Resources */ = {
			isa = PBXResourcesBuildPhase;
			buildActionMask = 2147483647;
			files = (
			);
			runOnlyForDeploymentPostprocessing = 0;
		};
/* End PBXResourcesBuildPhase section */

/* Begin PBXShellScriptBuildPhase section */
		543F33DD6FCF2B94B75967E3 /* Check Pods Manifest.lock */ = {
			isa = PBXShellScriptBuildPhase;
			buildActionMask = 2147483647;
			files = (
			);
			inputPaths = (
			);
			name = "Check Pods Manifest.lock";
			outputPaths = (
			);
			runOnlyForDeploymentPostprocessing = 0;
			shellPath = /bin/sh;
			shellScript = "diff \"${PODS_ROOT}/../Podfile.lock\" \"${PODS_ROOT}/Manifest.lock\" > /dev/null\nif [[ $? != 0 ]] ; then\n    cat << EOM\nerror: The sandbox is not in sync with the Podfile.lock. Run 'pod install' or update your CocoaPods installation.\nEOM\n    exit 1\nfi\n";
			showEnvVarsInLog = 0;
		};
		C4A61A16D8FD51B09E21714B /* Copy Pods Resources */ = {
			isa = PBXShellScriptBuildPhase;
			buildActionMask = 2147483647;
			files = (
			);
			inputPaths = (
			);
			name = "Copy Pods Resources";
			outputPaths = (
			);
			runOnlyForDeploymentPostprocessing = 0;
			shellPath = /bin/sh;
			shellScript = "\"${SRCROOT}/Pods/Target Support Files/Pods/Pods-resources.sh\"\n";
			showEnvVarsInLog = 0;
		};
/* End PBXShellScriptBuildPhase section */

/* Begin PBXSourcesBuildPhase section */
		F48C45321C48ECDA00EBD2A1 /* Sources */ = {
			isa = PBXSourcesBuildPhase;
			buildActionMask = 2147483647;
			files = (
				F40A95491C71D5D500E739C3 /* VGDownloadFilePath.m in Sources */,
				F44065881C4DE0080041CD5C /* VGListManager.m in Sources */,
				F44065741C4DD42C0041CD5C /* VGTaskExecutingInfo.m in Sources */,
				F43B4AC81C620AC000BCE060 /* Task+CoreDataProperties.m in Sources */,
				F4EC1CAB1C4CEF670027C7A3 /* VGFileOverduleCheck.m in Sources */,
				F43B4AC61C620AC000BCE060 /* TaskQueue+CoreDataProperties.m in Sources */,
				6E28DA231C6F60D400355796 /* VGTaskUpload.m in Sources */,
				F45DDB7C1C56144400B17BC6 /* VGNetWorkModel.xcdatamodeld in Sources */,
				F45DDB951C56190600B17BC6 /* Task.m in Sources */,
				F43177101C5762420011637E /* VGDownloadList.m in Sources */,
				F45DDB911C56190600B17BC6 /* TaskQueue.m in Sources */,
				6E28DA1D1C6F60D400355796 /* VGTaskDownload.m in Sources */,
				F42A53211C731B050010FC95 /* VGTaskResponse.m in Sources */,
				F45DDB781C56118C00B17BC6 /* VGCGCoreDataHelper.m in Sources */,
				6E28DA1F1C6F60D400355796 /* VGTaskDownloadManager.m in Sources */,
				F4EC1C9C1C4CEABC0027C7A3 /* VGBaseFileInfo.m in Sources */,
				F40A95391C71C81400E739C3 /* VGFileList.m in Sources */,
				F40A95471C71D5D500E739C3 /* VGDownloadFilePath+CoreDataProperties.m in Sources */,
				F4EC1CA11C4CEB140027C7A3 /* VGNetworkStatus.m in Sources */,
				F43E3F751C589AB4000C7315 /* VGReachability.m in Sources */,
				F43B4AAD1C61F1E200BCE060 /* VGNetworkFrameworkTools.m in Sources */,
				F44065911C4DE5800041CD5C /* VGPathManager.m in Sources */,
				F440658C1C4DE09D0041CD5C /* VGBaseList.m in Sources */,
				F44065781C4DD7D50041CD5C /* VGUrlSourceValidCheck.m in Sources */,
				F4EC1CA71C4CEDE70027C7A3 /* VGImageFileInfo.m in Sources */,
				6E28DA251C6F60D400355796 /* VGTaskUploadManager.m in Sources */,
			);
			runOnlyForDeploymentPostprocessing = 0;
		};
		F48C453D1C48ECDA00EBD2A1 /* Sources */ = {
			isa = PBXSourcesBuildPhase;
			buildActionMask = 2147483647;
			files = (
				F48C45471C48ECDA00EBD2A1 /* VGNetworkFrameworkTests.m in Sources */,
			);
			runOnlyForDeploymentPostprocessing = 0;
		};
/* End PBXSourcesBuildPhase section */

/* Begin PBXTargetDependency section */
		F48C45441C48ECDA00EBD2A1 /* PBXTargetDependency */ = {
			isa = PBXTargetDependency;
			target = F48C45361C48ECDA00EBD2A1 /* VGNetworkFramework */;
			targetProxy = F48C45431C48ECDA00EBD2A1 /* PBXContainerItemProxy */;
		};
/* End PBXTargetDependency section */

/* Begin XCBuildConfiguration section */
		F48C45491C48ECDA00EBD2A1 /* Debug */ = {
			isa = XCBuildConfiguration;
			buildSettings = {
				ALWAYS_SEARCH_USER_PATHS = NO;
				CLANG_CXX_LANGUAGE_STANDARD = "gnu++0x";
				CLANG_CXX_LIBRARY = "libc++";
				CLANG_ENABLE_MODULES = YES;
				CLANG_ENABLE_OBJC_ARC = YES;
				CLANG_WARN_BOOL_CONVERSION = YES;
				CLANG_WARN_CONSTANT_CONVERSION = YES;
				CLANG_WARN_DIRECT_OBJC_ISA_USAGE = YES_ERROR;
				CLANG_WARN_EMPTY_BODY = YES;
				CLANG_WARN_ENUM_CONVERSION = YES;
				CLANG_WARN_INT_CONVERSION = YES;
				CLANG_WARN_OBJC_ROOT_CLASS = YES_ERROR;
				CLANG_WARN_UNREACHABLE_CODE = YES;
				CLANG_WARN__DUPLICATE_METHOD_MATCH = YES;
				"CODE_SIGN_IDENTITY[sdk=iphoneos*]" = "iPhone Developer";
				COPY_PHASE_STRIP = NO;
				CURRENT_PROJECT_VERSION = 1;
				DEBUG_INFORMATION_FORMAT = dwarf;
				ENABLE_STRICT_OBJC_MSGSEND = YES;
				ENABLE_TESTABILITY = YES;
				GCC_C_LANGUAGE_STANDARD = gnu99;
				GCC_DYNAMIC_NO_PIC = NO;
				GCC_NO_COMMON_BLOCKS = YES;
				GCC_OPTIMIZATION_LEVEL = 0;
				GCC_PREPROCESSOR_DEFINITIONS = (
					"DEBUG=1",
					"$(inherited)",
				);
				GCC_WARN_64_TO_32_BIT_CONVERSION = YES;
				GCC_WARN_ABOUT_RETURN_TYPE = YES_ERROR;
				GCC_WARN_UNDECLARED_SELECTOR = YES;
				GCC_WARN_UNINITIALIZED_AUTOS = YES_AGGRESSIVE;
				GCC_WARN_UNUSED_FUNCTION = YES;
				GCC_WARN_UNUSED_VARIABLE = YES;
				IPHONEOS_DEPLOYMENT_TARGET = 9.2;
				MTL_ENABLE_DEBUG_INFO = YES;
				ONLY_ACTIVE_ARCH = YES;
				SDKROOT = iphoneos;
				TARGETED_DEVICE_FAMILY = "1,2";
				VERSIONING_SYSTEM = "apple-generic";
				VERSION_INFO_PREFIX = "";
			};
			name = Debug;
		};
		F48C454A1C48ECDA00EBD2A1 /* Release */ = {
			isa = XCBuildConfiguration;
			buildSettings = {
				ALWAYS_SEARCH_USER_PATHS = NO;
				CLANG_CXX_LANGUAGE_STANDARD = "gnu++0x";
				CLANG_CXX_LIBRARY = "libc++";
				CLANG_ENABLE_MODULES = YES;
				CLANG_ENABLE_OBJC_ARC = YES;
				CLANG_WARN_BOOL_CONVERSION = YES;
				CLANG_WARN_CONSTANT_CONVERSION = YES;
				CLANG_WARN_DIRECT_OBJC_ISA_USAGE = YES_ERROR;
				CLANG_WARN_EMPTY_BODY = YES;
				CLANG_WARN_ENUM_CONVERSION = YES;
				CLANG_WARN_INT_CONVERSION = YES;
				CLANG_WARN_OBJC_ROOT_CLASS = YES_ERROR;
				CLANG_WARN_UNREACHABLE_CODE = YES;
				CLANG_WARN__DUPLICATE_METHOD_MATCH = YES;
				"CODE_SIGN_IDENTITY[sdk=iphoneos*]" = "iPhone Developer";
				COPY_PHASE_STRIP = NO;
				CURRENT_PROJECT_VERSION = 1;
				DEBUG_INFORMATION_FORMAT = "dwarf-with-dsym";
				ENABLE_NS_ASSERTIONS = NO;
				ENABLE_STRICT_OBJC_MSGSEND = YES;
				GCC_C_LANGUAGE_STANDARD = gnu99;
				GCC_NO_COMMON_BLOCKS = YES;
				GCC_WARN_64_TO_32_BIT_CONVERSION = YES;
				GCC_WARN_ABOUT_RETURN_TYPE = YES_ERROR;
				GCC_WARN_UNDECLARED_SELECTOR = YES;
				GCC_WARN_UNINITIALIZED_AUTOS = YES_AGGRESSIVE;
				GCC_WARN_UNUSED_FUNCTION = YES;
				GCC_WARN_UNUSED_VARIABLE = YES;
				IPHONEOS_DEPLOYMENT_TARGET = 9.2;
				MTL_ENABLE_DEBUG_INFO = NO;
				SDKROOT = iphoneos;
				TARGETED_DEVICE_FAMILY = "1,2";
				VALIDATE_PRODUCT = YES;
				VERSIONING_SYSTEM = "apple-generic";
				VERSION_INFO_PREFIX = "";
			};
			name = Release;
		};
		F48C454C1C48ECDA00EBD2A1 /* Debug */ = {
			isa = XCBuildConfiguration;
			baseConfigurationReference = FD6CB39DF6C570CF9D42AA5D /* Pods.debug.xcconfig */;
			buildSettings = {
				DEFINES_MODULE = YES;
				DYLIB_COMPATIBILITY_VERSION = 1;
				DYLIB_CURRENT_VERSION = 1;
				DYLIB_INSTALL_NAME_BASE = "@rpath";
				GCC_PREFIX_HEADER = VGNetworkFramework/System/VGNetworkFramework.pch;
				INFOPLIST_FILE = VGNetworkFramework/system/Info.plist;
				INSTALL_PATH = "$(LOCAL_LIBRARY_DIR)/Frameworks";
				LD_RUNPATH_SEARCH_PATHS = "$(inherited) @executable_path/Frameworks @loader_path/Frameworks";
				ONLY_ACTIVE_ARCH = YES;
				PRODUCT_BUNDLE_IDENTIFIER = com.wood.VGNetworkFramework;
				PRODUCT_NAME = "$(TARGET_NAME)";
				SKIP_INSTALL = YES;
			};
			name = Debug;
		};
		F48C454D1C48ECDA00EBD2A1 /* Release */ = {
			isa = XCBuildConfiguration;
			baseConfigurationReference = 6A3208C6DEF9E24B1DF948FC /* Pods.release.xcconfig */;
			buildSettings = {
				DEFINES_MODULE = YES;
				DYLIB_COMPATIBILITY_VERSION = 1;
				DYLIB_CURRENT_VERSION = 1;
				DYLIB_INSTALL_NAME_BASE = "@rpath";
				GCC_PREFIX_HEADER = VGNetworkFramework/System/VGNetworkFramework.pch;
				INFOPLIST_FILE = VGNetworkFramework/system/Info.plist;
				INSTALL_PATH = "$(LOCAL_LIBRARY_DIR)/Frameworks";
				LD_RUNPATH_SEARCH_PATHS = "$(inherited) @executable_path/Frameworks @loader_path/Frameworks";
				ONLY_ACTIVE_ARCH = YES;
				PRODUCT_BUNDLE_IDENTIFIER = com.wood.VGNetworkFramework;
				PRODUCT_NAME = "$(TARGET_NAME)";
				SKIP_INSTALL = YES;
			};
			name = Release;
		};
		F48C454F1C48ECDA00EBD2A1 /* Debug */ = {
			isa = XCBuildConfiguration;
			buildSettings = {
				INFOPLIST_FILE = VGNetworkFrameworkTests/Info.plist;
				LD_RUNPATH_SEARCH_PATHS = "$(inherited) @executable_path/Frameworks @loader_path/Frameworks";
				PRODUCT_BUNDLE_IDENTIFIER = com.wood.VGNetworkFrameworkTests;
				PRODUCT_NAME = "$(TARGET_NAME)";
			};
			name = Debug;
		};
		F48C45501C48ECDA00EBD2A1 /* Release */ = {
			isa = XCBuildConfiguration;
			buildSettings = {
				INFOPLIST_FILE = VGNetworkFrameworkTests/Info.plist;
				LD_RUNPATH_SEARCH_PATHS = "$(inherited) @executable_path/Frameworks @loader_path/Frameworks";
				PRODUCT_BUNDLE_IDENTIFIER = com.wood.VGNetworkFrameworkTests;
				PRODUCT_NAME = "$(TARGET_NAME)";
			};
			name = Release;
		};
/* End XCBuildConfiguration section */

/* Begin XCConfigurationList section */
		F48C45311C48ECDA00EBD2A1 /* Build configuration list for PBXProject "VGNetWorkFramework" */ = {
			isa = XCConfigurationList;
			buildConfigurations = (
				F48C45491C48ECDA00EBD2A1 /* Debug */,
				F48C454A1C48ECDA00EBD2A1 /* Release */,
			);
			defaultConfigurationIsVisible = 0;
			defaultConfigurationName = Release;
		};
		F48C454B1C48ECDA00EBD2A1 /* Build configuration list for PBXNativeTarget "VGNetworkFramework" */ = {
			isa = XCConfigurationList;
			buildConfigurations = (
				F48C454C1C48ECDA00EBD2A1 /* Debug */,
				F48C454D1C48ECDA00EBD2A1 /* Release */,
			);
			defaultConfigurationIsVisible = 0;
			defaultConfigurationName = Release;
		};
		F48C454E1C48ECDA00EBD2A1 /* Build configuration list for PBXNativeTarget "VGNetworkFrameworkTests" */ = {
			isa = XCConfigurationList;
			buildConfigurations = (
				F48C454F1C48ECDA00EBD2A1 /* Debug */,
				F48C45501C48ECDA00EBD2A1 /* Release */,
			);
			defaultConfigurationIsVisible = 0;
			defaultConfigurationName = Release;
		};
/* End XCConfigurationList section */

/* Begin XCVersionGroup section */
		F45DDB7A1C56144400B17BC6 /* VGNetWorkModel.xcdatamodeld */ = {
			isa = XCVersionGroup;
			children = (
				F45DDB7B1C56144400B17BC6 /* VGNetWorkModel.xcdatamodel */,
			);
			currentVersion = F45DDB7B1C56144400B17BC6 /* VGNetWorkModel.xcdatamodel */;
			path = VGNetWorkModel.xcdatamodeld;
			sourceTree = "<group>";
			versionGroupType = wrapper.xcdatamodel;
		};
/* End XCVersionGroup section */
	};
	rootObject = F48C452E1C48ECDA00EBD2A1 /* Project object */;
}
